{
  "name": "@voidrayco/voidgl",
  "version": "1.19.3",
  "lockfileVersion": 1,
  "requires": true,
  "dependencies": {
    "@types/d3-color": {
      "version": "1.0.6",
      "resolved": "https://registry.npmjs.org/@types/d3-color/-/d3-color-1.0.6.tgz",
      "integrity": "sha512-AOlR0Gp7zV3c8C+gfxSboL3crNqsXCbAm32X934qXy0A1ymFC6T1TEIAEF/oH9yKQN2JHKpDkMhVEZeEVwKXEw=="
    },
    "@types/d3-scale": {
      "version": "1.0.14",
      "resolved": "https://registry.npmjs.org/@types/d3-scale/-/d3-scale-1.0.14.tgz",
      "integrity": "sha512-dW6Ii8bH+10klJzVVPPeeQvRpCbX3BO3x9cLTngu/+lXNDbk2uC51aFAA/XhocehZroaG5ajwAFelMFsgpClMg==",
      "requires": {
        "@types/d3-time": "*"
      }
    },
    "@types/d3-time": {
      "version": "1.0.9",
      "resolved": "https://registry.npmjs.org/@types/d3-time/-/d3-time-1.0.9.tgz",
      "integrity": "sha512-m+D4NbQdDlTVaO7QgXAnatR3IDxQYDMBtRhgSCi5rs9R1LPq1y7/2aqa1FJ2IWjFm1mOV63swDxonnCDlHgHMA=="
    },
    "@types/ramda": {
      "version": "0.25.42",
      "resolved": "https://registry.npmjs.org/@types/ramda/-/ramda-0.25.42.tgz",
      "integrity": "sha512-m8IcEWgJZTb47UARqp2d58f+C8yDxpTC6ElU/muO0z1bYhdgf6LHcO2SE9f1Mt3SJnKCh6GtjKEC99hq6vPnDA=="
    },
    "@types/three": {
      "version": "0.84.37",
      "resolved": "https://registry.npmjs.org/@types/three/-/three-0.84.37.tgz",
      "integrity": "sha512-lzekwNCdEEkGAts0iVHQb6sMGl3LzwFfqAcxyGMpNwkSGx9NN0EfDiBax2HGoELSahqnSehVKScyHKLONytFCw==",
      "requires": {
        "@types/webvr-api": "*"
      }
    },
    "@types/webvr-api": {
      "version": "0.0.35",
      "resolved": "https://registry.npmjs.org/@types/webvr-api/-/webvr-api-0.0.35.tgz",
      "integrity": "sha512-jdpJqweU5v7hYwUlHKQU6wzjQvUfBfmTz4WBwVd/5PVGYalKm6YbEnM/3T+M+QzRYf2R/ojBGnrWpjHBZFR3Og=="
    },
    "bowser": {
      "version": "1.7.3",
      "resolved": "https://registry.npmjs.org/bowser/-/bowser-1.7.3.tgz",
      "integrity": "sha1-UEvbQxGMqNucu63yj9YPJlr5bk8="
    },
    "d3-array": {
      "version": "1.2.4",
      "resolved": "https://registry.npmjs.org/d3-array/-/d3-array-1.2.4.tgz",
      "integrity": "sha512-KHW6M86R+FUPYGb3R5XiYjXPq7VzwxZ22buHhAEVG5ztoEcZZMLov530mmccaqA1GghZArjQV46fuc8kUqhhHw=="
    },
    "d3-collection": {
      "version": "1.0.7",
      "resolved": "https://registry.npmjs.org/d3-collection/-/d3-collection-1.0.7.tgz",
      "integrity": "sha512-ii0/r5f4sjKNTfh84Di+DpztYwqKhEyUlKoPrzUFfeSkWxjW49xU2QzO9qrPrNkpdI0XJkfzvmTu8V2Zylln6A=="
    },
    "d3-color": {
      "version": "1.0.4",
      "resolved": "https://registry.npmjs.org/d3-color/-/d3-color-1.0.4.tgz",
      "integrity": "sha512-k26QBhtqbRfFbRHpIFiNsXm2uio10OcRmR1mw28AHbbnCmtJInF/Bja1rhNcJfqew3uMt5BQwr+kgp/5iCl0IQ=="
    },
    "d3-format": {
      "version": "1.3.2",
      "resolved": "https://registry.npmjs.org/d3-format/-/d3-format-1.3.2.tgz",
      "integrity": "sha512-Z18Dprj96ExragQ0DeGi+SYPQ7pPfRMtUXtsg/ChVIKNBCzjO8XYJvRTC1usblx52lqge56V5ect+frYTQc8WQ=="
    },
    "d3-interpolate": {
      "version": "1.3.2",
      "resolved": "https://registry.npmjs.org/d3-interpolate/-/d3-interpolate-1.3.2.tgz",
      "integrity": "sha512-NlNKGopqaz9qM1PXh9gBF1KSCVh+jSFErrSlD/4hybwoNX/gt1d8CDbDW+3i+5UOHhjC6s6nMvRxcuoMVNgL2w==",
      "requires": {
        "d3-color": "1"
      }
    },
    "d3-scale": {
      "version": "1.0.7",
      "resolved": "https://registry.npmjs.org/d3-scale/-/d3-scale-1.0.7.tgz",
      "integrity": "sha512-KvU92czp2/qse5tUfGms6Kjig0AhHOwkzXG0+PqIJB3ke0WUv088AHMZI0OssO9NCkXt4RP8yju9rpH8aGB7Lw==",
      "requires": {
        "d3-array": "^1.2.0",
        "d3-collection": "1",
        "d3-color": "1",
        "d3-format": "1",
        "d3-interpolate": "1",
        "d3-time": "1",
        "d3-time-format": "2"
      }
    },
    "d3-time": {
      "version": "1.0.10",
      "resolved": "https://registry.npmjs.org/d3-time/-/d3-time-1.0.10.tgz",
      "integrity": "sha512-hF+NTLCaJHF/JqHN5hE8HVGAXPStEq6/omumPE/SxyHVrR7/qQxusFDo0t0c/44+sCGHthC7yNGFZIEgju0P8g=="
    },
    "d3-time-format": {
      "version": "2.1.3",
      "resolved": "https://registry.npmjs.org/d3-time-format/-/d3-time-format-2.1.3.tgz",
      "integrity": "sha512-6k0a2rZryzGm5Ihx+aFMuO1GgelgIz+7HhB4PH4OEndD5q2zGn1mDfRdNrulspOfR6JXkb2sThhDK41CSK85QA==",
      "requires": {
        "d3-time": "1"
      }
    },
    "ramda": {
      "version": "0.25.0",
      "resolved": "https://registry.npmjs.org/ramda/-/ramda-0.25.0.tgz",
      "integrity": "sha512-GXpfrYVPwx3K7RQ6aYT8KPS8XViSXUVJT1ONhoKPE9VAleW42YE+U+8VEyGWt41EnEQW7gwecYJriTI0pKoecQ=="
    },
    "three": {
      "version": "0.94.0",
      "resolved": "https://registry.npmjs.org/three/-/three-0.94.0.tgz",
      "integrity": "sha1-TObbfyv795wtc0RKpuPPwIoy12I="
    }
  }
}
